
Microsoft Visual Studio Solution File, Format Version 12.00
# Visual Studio 15
VisualStudioVersion = 15.0.28307.421
MinimumVisualStudioVersion = 10.0.40219.1
Project("{FAE04EC0-301F-11D3-BF4B-00C04F79EFBC}") = "BIMAroundClient", "BIMAroundClient\BIMAroundClient.csproj", "{60E676CA-D6E8-48AA-8456-E02F086C662B}"
EndProject
Global
	GlobalSection(SolutionConfigurationPlatforms) = preSolution
		Debug|Any CPU = Debug|Any CPU
		Release|Any CPU = Release|Any CPU
	EndGlobalSection
	GlobalSection(ProjectConfigurationPlatforms) = postSolution
		{60E676CA-D6E8-48AA-8456-E02F086C662B}.Debug|Any CPU.ActiveCfg = Debug|Any CPU
		{60E676CA-D6E8-48AA-8456-E02F086C662B}.Debug|Any CPU.Build.0 = Debug|Any CPU
		{60E676CA-D6E8-48AA-8456-E02F086C662B}.Release|Any CPU.ActiveCfg = Release|Any CPU
		{60E676CA-D6E8-48AA-8456-E02F086C662B}.Release|Any CPU.Build.0 = Release|Any CPU
	EndGlobalSection
	GlobalSection(SolutionProperties) = preSolution
		HideSolutionNode = FALSE
	EndGlobalSection
	GlobalSection(ExtensibilityGlobals) = postSolution
		SolutionGuid = {25CC226E-1CE8-4ABA-9EB7-EDE21E1A97E0}
	EndGlobalSection
EndGlobal
